
Microsoft Visual Studio Solution File, Format Version 12.00
# Visual Studio Version 16
VisualStudioVersion = 16.0.29609.76
MinimumVisualStudioVersion = 10.0.40219.1
Project("{FAE04EC0-301F-11D3-BF4B-00C04F79EFBC}") = "WpfEntityFramework", "WpfEntityFramework\WpfEntityFramework.csproj", "{F8E99F9F-DD71-431A-B837-7E2DD8A3EC43}"
EndProject
Project("{FAE04EC0-301F-11D3-BF4B-00C04F79EFBC}") = "WpfEntityFramework.Models", "WpfEntityFramework.Models\WpfEntityFramework.Models.csproj", "{7BB896AC-0904-43A2-8626-905D1076AAE4}"
EndProject
Project("{FAE04EC0-301F-11D3-BF4B-00C04F79EFBC}") = "WpfEntityFramework.ViewModels", "WpfEntityFramework.ViewModels\WpfEntityFramework.ViewModels.csproj", "{394A1E21-78A5-490D-A149-025AE3CB3179}"
EndProject
Global
	GlobalSection(SolutionConfigurationPlatforms) = preSolution
		Debug|Any CPU = Debug|Any CPU
		Release|Any CPU = Release|Any CPU
	EndGlobalSection
	GlobalSection(ProjectConfigurationPlatforms) = postSolution
		{F8E99F9F-DD71-431A-B837-7E2DD8A3EC43}.Debug|Any CPU.ActiveCfg = Debug|Any CPU
		{F8E99F9F-DD71-431A-B837-7E2DD8A3EC43}.Debug|Any CPU.Build.0 = Debug|Any CPU
		{F8E99F9F-DD71-431A-B837-7E2DD8A3EC43}.Release|Any CPU.ActiveCfg = Release|Any CPU
		{F8E99F9F-DD71-431A-B837-7E2DD8A3EC43}.Release|Any CPU.Build.0 = Release|Any CPU
		{7BB896AC-0904-43A2-8626-905D1076AAE4}.Debug|Any CPU.ActiveCfg = Debug|Any CPU
		{7BB896AC-0904-43A2-8626-905D1076AAE4}.Debug|Any CPU.Build.0 = Debug|Any CPU
		{7BB896AC-0904-43A2-8626-905D1076AAE4}.Release|Any CPU.ActiveCfg = Release|Any CPU
		{7BB896AC-0904-43A2-8626-905D1076AAE4}.Release|Any CPU.Build.0 = Release|Any CPU
		{394A1E21-78A5-490D-A149-025AE3CB3179}.Debug|Any CPU.ActiveCfg = Debug|Any CPU
		{394A1E21-78A5-490D-A149-025AE3CB3179}.Debug|Any CPU.Build.0 = Debug|Any CPU
		{394A1E21-78A5-490D-A149-025AE3CB3179}.Release|Any CPU.ActiveCfg = Release|Any CPU
		{394A1E21-78A5-490D-A149-025AE3CB3179}.Release|Any CPU.Build.0 = Release|Any CPU
	EndGlobalSection
	GlobalSection(SolutionProperties) = preSolution
		HideSolutionNode = FALSE
	EndGlobalSection
	GlobalSection(ExtensibilityGlobals) = postSolution
		SolutionGuid = {F62D006A-03DC-4E23-B8C8-0A70DE3ED655}
	EndGlobalSection
EndGlobal
